
Microsoft Visual Studio Solution File, Format Version 12.00
# Visual Studio Version 17
VisualStudioVersion = 17.4.33103.184
MinimumVisualStudioVersion = 10.0.40219.1
Project("{9A19103F-16F7-4668-BE54-9A1E7A4F7556}") = "gestaoPagamentosDivida.Api", "gestaoPagamentosDivida.Api.csproj", "{217583D6-5841-4593-AC92-C4C7A40B39CE}"
EndProject
Project("{FAE04EC0-301F-11D3-BF4B-00C04F79EFBC}") = "gestaoPagantoDivida.Repository", "..\gestaoPagantoDivida.Repository\gestaoPagantoDivida.Repository.csproj", "{11DDBCE8-8BFA-4D07-8549-EE5F856885A3}"
EndProject
Project("{FAE04EC0-301F-11D3-BF4B-00C04F79EFBC}") = "gestaoPagamentoDivida.Domain", "..\gestaoPagamentoDivida.Domain\gestaoPagamentoDivida.Domain.csproj", "{D3F41252-A8A1-46FD-9B94-A517E41E0180}"
EndProject
Global
	GlobalSection(SolutionConfigurationPlatforms) = preSolution
		Debug|Any CPU = Debug|Any CPU
		Release|Any CPU = Release|Any CPU
	EndGlobalSection
	GlobalSection(ProjectConfigurationPlatforms) = postSolution
		{217583D6-5841-4593-AC92-C4C7A40B39CE}.Debug|Any CPU.ActiveCfg = Debug|Any CPU
		{217583D6-5841-4593-AC92-C4C7A40B39CE}.Debug|Any CPU.Build.0 = Debug|Any CPU
		{217583D6-5841-4593-AC92-C4C7A40B39CE}.Release|Any CPU.ActiveCfg = Release|Any CPU
		{217583D6-5841-4593-AC92-C4C7A40B39CE}.Release|Any CPU.Build.0 = Release|Any CPU
		{11DDBCE8-8BFA-4D07-8549-EE5F856885A3}.Debug|Any CPU.ActiveCfg = Debug|Any CPU
		{11DDBCE8-8BFA-4D07-8549-EE5F856885A3}.Debug|Any CPU.Build.0 = Debug|Any CPU
		{11DDBCE8-8BFA-4D07-8549-EE5F856885A3}.Release|Any CPU.ActiveCfg = Release|Any CPU
		{11DDBCE8-8BFA-4D07-8549-EE5F856885A3}.Release|Any CPU.Build.0 = Release|Any CPU
		{D3F41252-A8A1-46FD-9B94-A517E41E0180}.Debug|Any CPU.ActiveCfg = Debug|Any CPU
		{D3F41252-A8A1-46FD-9B94-A517E41E0180}.Debug|Any CPU.Build.0 = Debug|Any CPU
		{D3F41252-A8A1-46FD-9B94-A517E41E0180}.Release|Any CPU.ActiveCfg = Release|Any CPU
		{D3F41252-A8A1-46FD-9B94-A517E41E0180}.Release|Any CPU.Build.0 = Release|Any CPU
	EndGlobalSection
	GlobalSection(SolutionProperties) = preSolution
		HideSolutionNode = FALSE
	EndGlobalSection
	GlobalSection(ExtensibilityGlobals) = postSolution
		SolutionGuid = {8B1AE0C9-F5E2-4F8F-841B-4B8C544CEE04}
	EndGlobalSection
EndGlobal
